
Microsoft Visual Studio Solution File, Format Version 12.00
# Visual Studio Version 17
VisualStudioVersion = 17.9.34622.214
MinimumVisualStudioVersion = 10.0.40219.1
Project("{9A19103F-16F7-4668-BE54-9A1E7A4F7556}") = "CodeSamples", "CodeSamples.csproj", "{A7362DB8-DA27-409F-9314-DD208AE5FAFD}"
EndProject
Project("{FAE04EC0-301F-11D3-BF4B-00C04F79EFBC}") = "CodeSamplesExecution", "..\CodeSamplesExecution\CodeSamplesExecution.csproj", "{15E9F117-AB0C-4A3B-B879-309EB3C091E5}"
EndProject
Global
	GlobalSection(SolutionConfigurationPlatforms) = preSolution
		Debug|Any CPU = Debug|Any CPU
		Release|Any CPU = Release|Any CPU
	EndGlobalSection
	GlobalSection(ProjectConfigurationPlatforms) = postSolution
		{A7362DB8-DA27-409F-9314-DD208AE5FAFD}.Debug|Any CPU.ActiveCfg = Debug|Any CPU
		{A7362DB8-DA27-409F-9314-DD208AE5FAFD}.Debug|Any CPU.Build.0 = Debug|Any CPU
		{A7362DB8-DA27-409F-9314-DD208AE5FAFD}.Release|Any CPU.ActiveCfg = Release|Any CPU
		{A7362DB8-DA27-409F-9314-DD208AE5FAFD}.Release|Any CPU.Build.0 = Release|Any CPU
		{15E9F117-AB0C-4A3B-B879-309EB3C091E5}.Debug|Any CPU.ActiveCfg = Debug|Any CPU
		{15E9F117-AB0C-4A3B-B879-309EB3C091E5}.Debug|Any CPU.Build.0 = Debug|Any CPU
		{15E9F117-AB0C-4A3B-B879-309EB3C091E5}.Release|Any CPU.ActiveCfg = Release|Any CPU
		{15E9F117-AB0C-4A3B-B879-309EB3C091E5}.Release|Any CPU.Build.0 = Release|Any CPU
	EndGlobalSection
	GlobalSection(SolutionProperties) = preSolution
		HideSolutionNode = FALSE
	EndGlobalSection
	GlobalSection(ExtensibilityGlobals) = postSolution
		SolutionGuid = {34B16D72-69E4-4122-8768-A0C78B49FAB3}
	EndGlobalSection
EndGlobal
